
Microsoft Visual Studio Solution File, Format Version 12.00
# Visual Studio Version 16
VisualStudioVersion = 16.0.29709.97
MinimumVisualStudioVersion = 10.0.40219.1
Project("{FAE04EC0-301F-11D3-BF4B-00C04F79EFBC}") = "ScannerInventering", "ScannerInventering\ScannerInventering.csproj", "{A785E314-8118-48BF-B4FF-84DA1B523925}"
EndProject
Global
	GlobalSection(SolutionConfigurationPlatforms) = preSolution
		Debug|Any CPU = Debug|Any CPU
		Release|Any CPU = Release|Any CPU
	EndGlobalSection
	GlobalSection(ProjectConfigurationPlatforms) = postSolution
		{A785E314-8118-48BF-B4FF-84DA1B523925}.Debug|Any CPU.ActiveCfg = Debug|Any CPU
		{A785E314-8118-48BF-B4FF-84DA1B523925}.Debug|Any CPU.Build.0 = Debug|Any CPU
		{A785E314-8118-48BF-B4FF-84DA1B523925}.Release|Any CPU.ActiveCfg = Release|Any CPU
		{A785E314-8118-48BF-B4FF-84DA1B523925}.Release|Any CPU.Build.0 = Release|Any CPU
	EndGlobalSection
	GlobalSection(SolutionProperties) = preSolution
		HideSolutionNode = FALSE
	EndGlobalSection
	GlobalSection(ExtensibilityGlobals) = postSolution
		SolutionGuid = {3BE7D0B1-E124-419A-B897-4A4AEACC012F}
	EndGlobalSection
EndGlobal
